
Microsoft Visual Studio Solution File, Format Version 12.00
# Visual Studio Version 17
VisualStudioVersion = 17.0.31611.283
MinimumVisualStudioVersion = 10.0.40219.1
Project("{FAE04EC0-301F-11D3-BF4B-00C04F79EFBC}") = "Sigook.CognitiveServices.Core", "Sigook.CognitiveServices.Core\Sigook.CognitiveServices.Core.csproj", "{BDEB463E-785C-45EA-9B35-CCEDE2C157FE}"
EndProject
Project("{FAE04EC0-301F-11D3-BF4B-00C04F79EFBC}") = "Sigook.CognitiveServices.Infraestructure", "Sigook.CognitiveServices.Infraestructure\Sigook.CognitiveServices.Infraestructure.csproj", "{A3E67EDE-2110-4C1D-BF5F-FDB1818B6C16}"
EndProject
Project("{FAE04EC0-301F-11D3-BF4B-00C04F79EFBC}") = "Sigook.CognitiveServices.UI", "Sigook.CognitiveServices.UI\Sigook.CognitiveServices.UI.csproj", "{101A4C0E-680B-4D1A-93BC-FA5394E1FB8F}"
EndProject
Global
	GlobalSection(SolutionConfigurationPlatforms) = preSolution
		Debug|Any CPU = Debug|Any CPU
		Release|Any CPU = Release|Any CPU
	EndGlobalSection
	GlobalSection(ProjectConfigurationPlatforms) = postSolution
		{BDEB463E-785C-45EA-9B35-CCEDE2C157FE}.Debug|Any CPU.ActiveCfg = Debug|Any CPU
		{BDEB463E-785C-45EA-9B35-CCEDE2C157FE}.Debug|Any CPU.Build.0 = Debug|Any CPU
		{BDEB463E-785C-45EA-9B35-CCEDE2C157FE}.Release|Any CPU.ActiveCfg = Release|Any CPU
		{BDEB463E-785C-45EA-9B35-CCEDE2C157FE}.Release|Any CPU.Build.0 = Release|Any CPU
		{A3E67EDE-2110-4C1D-BF5F-FDB1818B6C16}.Debug|Any CPU.ActiveCfg = Debug|Any CPU
		{A3E67EDE-2110-4C1D-BF5F-FDB1818B6C16}.Debug|Any CPU.Build.0 = Debug|Any CPU
		{A3E67EDE-2110-4C1D-BF5F-FDB1818B6C16}.Release|Any CPU.ActiveCfg = Release|Any CPU
		{A3E67EDE-2110-4C1D-BF5F-FDB1818B6C16}.Release|Any CPU.Build.0 = Release|Any CPU
		{101A4C0E-680B-4D1A-93BC-FA5394E1FB8F}.Debug|Any CPU.ActiveCfg = Debug|Any CPU
		{101A4C0E-680B-4D1A-93BC-FA5394E1FB8F}.Debug|Any CPU.Build.0 = Debug|Any CPU
		{101A4C0E-680B-4D1A-93BC-FA5394E1FB8F}.Release|Any CPU.ActiveCfg = Release|Any CPU
		{101A4C0E-680B-4D1A-93BC-FA5394E1FB8F}.Release|Any CPU.Build.0 = Release|Any CPU
	EndGlobalSection
	GlobalSection(SolutionProperties) = preSolution
		HideSolutionNode = FALSE
	EndGlobalSection
	GlobalSection(ExtensibilityGlobals) = postSolution
		SolutionGuid = {61F7FB11-1E47-470C-91E2-47F8143E1572}
	EndGlobalSection
EndGlobal
